
Microsoft Visual Studio Solution File, Format Version 12.00
# Visual Studio Version 17
VisualStudioVersion = 17.0.31903.59
MinimumVisualStudioVersion = 10.0.40219.1
Project("{2150E333-8FDC-42A3-9474-1A3956D46DE8}") = "src", "src", "{A9E3C8C6-880B-4C9B-A857-0B137F2CE44F}"
EndProject
Project("{FAE04EC0-301F-11D3-BF4B-00C04F79EFBC}") = "Jhooa.UI", "src\Jhooa.UI\Jhooa.UI.csproj", "{2AD48046-7E5C-4E57-AF01-4456B712EAA3}"
EndProject
Project("{FAE04EC0-301F-11D3-BF4B-00C04F79EFBC}") = "Jhooa.PromotionCodeGenerator", "src\Jhooa.PromotionCodeGenerator\Jhooa.PromotionCodeGenerator.csproj", "{7D302C3A-67C0-44DD-B93B-743BA75D8EFD}"
EndProject
Global
	GlobalSection(SolutionConfigurationPlatforms) = preSolution
		Debug|Any CPU = Debug|Any CPU
		Release|Any CPU = Release|Any CPU
	EndGlobalSection
	GlobalSection(SolutionProperties) = preSolution
		HideSolutionNode = FALSE
	EndGlobalSection
	GlobalSection(ProjectConfigurationPlatforms) = postSolution
		{2AD48046-7E5C-4E57-AF01-4456B712EAA3}.Debug|Any CPU.ActiveCfg = Debug|Any CPU
		{2AD48046-7E5C-4E57-AF01-4456B712EAA3}.Debug|Any CPU.Build.0 = Debug|Any CPU
		{2AD48046-7E5C-4E57-AF01-4456B712EAA3}.Release|Any CPU.ActiveCfg = Release|Any CPU
		{2AD48046-7E5C-4E57-AF01-4456B712EAA3}.Release|Any CPU.Build.0 = Release|Any CPU
		{7D302C3A-67C0-44DD-B93B-743BA75D8EFD}.Debug|Any CPU.ActiveCfg = Debug|Any CPU
		{7D302C3A-67C0-44DD-B93B-743BA75D8EFD}.Debug|Any CPU.Build.0 = Debug|Any CPU
		{7D302C3A-67C0-44DD-B93B-743BA75D8EFD}.Release|Any CPU.ActiveCfg = Release|Any CPU
		{7D302C3A-67C0-44DD-B93B-743BA75D8EFD}.Release|Any CPU.Build.0 = Release|Any CPU
	EndGlobalSection
	GlobalSection(NestedProjects) = preSolution
		{2AD48046-7E5C-4E57-AF01-4456B712EAA3} = {A9E3C8C6-880B-4C9B-A857-0B137F2CE44F}
		{7D302C3A-67C0-44DD-B93B-743BA75D8EFD} = {A9E3C8C6-880B-4C9B-A857-0B137F2CE44F}
	EndGlobalSection
EndGlobal
